
Microsoft Visual Studio Solution File, Format Version 12.00
# Visual Studio Version 17
VisualStudioVersion = 17.9.34714.143
MinimumVisualStudioVersion = 10.0.40219.1
Project("{9A19103F-16F7-4668-BE54-9A1E7A4F7556}") = "ESTORE.Server", "ESTORE.Server\ESTORE.Server.csproj", "{CF1FF4D4-2C9C-4E6C-A053-2FCA37E4681D}"
EndProject
Project("{9A19103F-16F7-4668-BE54-9A1E7A4F7556}") = "ESTORE.Shared", "ESTORE.Shared\ESTORE.Shared.csproj", "{B49740A7-8A61-4F38-A9AC-BF9DB6E2EDFB}"
EndProject
Project("{9A19103F-16F7-4668-BE54-9A1E7A4F7556}") = "ESTORE.Client", "ESTORE.Client\ESTORE.Client.csproj", "{323A0F86-09D8-4B46-A8F6-7753DFBFBE88}"
EndProject
Global
	GlobalSection(SolutionConfigurationPlatforms) = preSolution
		Debug|Any CPU = Debug|Any CPU
		Release|Any CPU = Release|Any CPU
	EndGlobalSection
	GlobalSection(ProjectConfigurationPlatforms) = postSolution
		{CF1FF4D4-2C9C-4E6C-A053-2FCA37E4681D}.Debug|Any CPU.ActiveCfg = Debug|Any CPU
		{CF1FF4D4-2C9C-4E6C-A053-2FCA37E4681D}.Debug|Any CPU.Build.0 = Debug|Any CPU
		{CF1FF4D4-2C9C-4E6C-A053-2FCA37E4681D}.Release|Any CPU.ActiveCfg = Release|Any CPU
		{CF1FF4D4-2C9C-4E6C-A053-2FCA37E4681D}.Release|Any CPU.Build.0 = Release|Any CPU
		{B49740A7-8A61-4F38-A9AC-BF9DB6E2EDFB}.Debug|Any CPU.ActiveCfg = Debug|Any CPU
		{B49740A7-8A61-4F38-A9AC-BF9DB6E2EDFB}.Debug|Any CPU.Build.0 = Debug|Any CPU
		{B49740A7-8A61-4F38-A9AC-BF9DB6E2EDFB}.Release|Any CPU.ActiveCfg = Release|Any CPU
		{B49740A7-8A61-4F38-A9AC-BF9DB6E2EDFB}.Release|Any CPU.Build.0 = Release|Any CPU
		{323A0F86-09D8-4B46-A8F6-7753DFBFBE88}.Debug|Any CPU.ActiveCfg = Debug|Any CPU
		{323A0F86-09D8-4B46-A8F6-7753DFBFBE88}.Debug|Any CPU.Build.0 = Debug|Any CPU
		{323A0F86-09D8-4B46-A8F6-7753DFBFBE88}.Release|Any CPU.ActiveCfg = Release|Any CPU
		{323A0F86-09D8-4B46-A8F6-7753DFBFBE88}.Release|Any CPU.Build.0 = Release|Any CPU
	EndGlobalSection
	GlobalSection(SolutionProperties) = preSolution
		HideSolutionNode = FALSE
	EndGlobalSection
	GlobalSection(ExtensibilityGlobals) = postSolution
		SolutionGuid = {1F050332-20A6-4E9F-AA98-1C85742F3B1D}
	EndGlobalSection
EndGlobal
